
Microsoft Visual Studio Solution File, Format Version 12.00
# Visual Studio Version 16
VisualStudioVersion = 16.0.33927.289
MinimumVisualStudioVersion = 10.0.40219.1
Project("{2150E333-8FDC-42A3-9474-1A3956D46DE8}") = "Task0", "Task0", "{DB20E5A3-E9AB-4DCC-AE46-F71B7D162D57}"
EndProject
Project("{2150E333-8FDC-42A3-9474-1A3956D46DE8}") = "Task1", "Task1", "{36F21212-B6DD-44EE-8E0F-099D6018BA3A}"
EndProject
Project("{FAE04EC0-301F-11D3-BF4B-00C04F79EFBC}") = "Tyuiu.KomanichRM.Sprint1.Task1.V24", "Tyuiu.KomanichRM.Sprint1.Task1.V24\Tyuiu.KomanichRM.Sprint1.Task1.V24.csproj", "{F62A4CF0-C71F-4811-923D-3954AE386138}"
EndProject
Project("{FAE04EC0-301F-11D3-BF4B-00C04F79EFBC}") = "Tyuiu.KomanichRM.Sprint1.Task1.V24.Lib", "Tyuiu.KomanichRM.Sprint1.Task1.V24.Lib\Tyuiu.KomanichRM.Sprint1.Task1.V24.Lib.csproj", "{6A35BF6C-C17B-4EE6-89D7-EA0F90E62702}"
EndProject
Project("{FAE04EC0-301F-11D3-BF4B-00C04F79EFBC}") = "Tyuiu.KomanichRM.Sprint1.Task1.V24.Test", "Tyuiu.KomanichRM.Sprint1.Task1.V24.Test\Tyuiu.KomanichRM.Sprint1.Task1.V24.Test.csproj", "{D8994267-97AC-42D5-A1FE-D4477D42D288}"
EndProject
Project("{2150E333-8FDC-42A3-9474-1A3956D46DE8}") = "Task2", "Task2", "{EE27040C-5CEF-4355-9A41-E8441B38F26A}"
EndProject
Project("{FAE04EC0-301F-11D3-BF4B-00C04F79EFBC}") = "Tyuiu.KomanichRM.Sprint1.Task2.V12", "Tyuiu.KomanichRM.Sprint1.Task2.V12\Tyuiu.KomanichRM.Sprint1.Task2.V12.csproj", "{B7478775-1A6D-42EA-9DA2-83A8B5B78768}"
EndProject
Project("{FAE04EC0-301F-11D3-BF4B-00C04F79EFBC}") = "Tyuiu.KomanichRM.Sprint1.Task2.V12.Lib", "Tyuiu.KomanichRM.Sprint1.Task2.V12.Lib\Tyuiu.KomanichRM.Sprint1.Task2.V12.Lib.csproj", "{0C01B3F3-F315-416D-B479-676EE9B4E3AE}"
EndProject
Project("{FAE04EC0-301F-11D3-BF4B-00C04F79EFBC}") = "Tyuiu.KomanichRM.Sprint1.Task2.V12.Test", "Tyuiu.KomanichRM.Sprint1.Task2.V12.Test\Tyuiu.KomanichRM.Sprint1.Task2.V12.Test.csproj", "{94AA1C2C-DF53-4EE3-86AE-C12DF9650F95}"
EndProject
Project("{2150E333-8FDC-42A3-9474-1A3956D46DE8}") = "Task3", "Task3", "{6C8A8C90-47AE-4A8D-A5B8-3FAB5CAF24EF}"
EndProject
Project("{FAE04EC0-301F-11D3-BF4B-00C04F79EFBC}") = "Tyuiu.KomanichRM.Sprint1.Task3.V7", "Tyuiu.KomanichRM.Sprint1.Task3.V7\Tyuiu.KomanichRM.Sprint1.Task3.V7.csproj", "{A42B6172-175A-4874-B1AA-01BADB5FAD7F}"
EndProject
Project("{FAE04EC0-301F-11D3-BF4B-00C04F79EFBC}") = "Tyuiu.KomanichRM.Sprint1.Task3.V7.Lib", "Tyuiu.KomanichRM.Sprint1.Task3.V7.Lib\Tyuiu.KomanichRM.Sprint1.Task3.V7.Lib.csproj", "{F0048F2C-E734-4A7D-88D5-0373332B0E81}"
EndProject
Project("{FAE04EC0-301F-11D3-BF4B-00C04F79EFBC}") = "Tyuiu.KomanichRM.Sprint1.Task3.V7.Test", "Tyuiu.KomanichRM.Sprint1.Task3.V7.Test\Tyuiu.KomanichRM.Sprint1.Task3.V7.Test.csproj", "{7F670EC1-F95D-4057-A9EA-0F61A0957876}"
EndProject
Project("{2150E333-8FDC-42A3-9474-1A3956D46DE8}") = "Task4", "Task4", "{E6681A53-0E59-48D9-9C5E-27E2CED595F2}"
EndProject
Project("{FAE04EC0-301F-11D3-BF4B-00C04F79EFBC}") = "Tyuiu.KomanichRM.Sprint1.Task4.V2", "Tyuiu.KomanichRM.Sprint1.Task4.V2\Tyuiu.KomanichRM.Sprint1.Task4.V2.csproj", "{12200F04-028D-4B91-BF2D-146176EFAC22}"
EndProject
Project("{FAE04EC0-301F-11D3-BF4B-00C04F79EFBC}") = "Tyuiu.KomanichRM.Sprint1.Task4.V2.Lib", "Tyuiu.KomanichRM.Sprint1.Task4.V2.Lib\Tyuiu.KomanichRM.Sprint1.Task4.V2.Lib.csproj", "{0A5AA535-2DA1-495A-B6C5-C02DB1F51911}"
EndProject
Project("{FAE04EC0-301F-11D3-BF4B-00C04F79EFBC}") = "Tyuiu.KomanichRM.Sprint1.Task4.V2.Test", "Tyuiu.KomanichRM.Sprint1.Task4.V2.Test\Tyuiu.KomanichRM.Sprint1.Task4.V2.Test.csproj", "{A8157680-0BF7-4C4F-B2BA-0A978BA165E3}"
EndProject
Project("{2150E333-8FDC-42A3-9474-1A3956D46DE8}") = "Task5", "Task5", "{E5CA0B11-1FD4-4612-86BF-A278E0E0A8A9}"
EndProject
Project("{FAE04EC0-301F-11D3-BF4B-00C04F79EFBC}") = "Tyuiu.KomanichRM.Sprint1.Task5.V5", "Tyuiu.KomanichRM.Sprint1.Task5.V5\Tyuiu.KomanichRM.Sprint1.Task5.V5.csproj", "{22C856EB-EEBB-4CAF-BB63-F38CA36C4179}"
EndProject
Project("{FAE04EC0-301F-11D3-BF4B-00C04F79EFBC}") = "Tyuiu.KomanichRM.Sprint1.Task5.V5.Test", "Tyuiu.KomanichRM.Sprint1.Task5.V5.Test\Tyuiu.KomanichRM.Sprint1.Task5.V5.Test.csproj", "{B7DD31BA-C37B-4582-BB30-AF50BFAC9128}"
EndProject
Project("{FAE04EC0-301F-11D3-BF4B-00C04F79EFBC}") = "Tyuiu.KomanichRM.Sprint1.Task5.V5.Lib", "Tyuiu.KomanichRM.Sprint1.Task5.V5.Lib\Tyuiu.KomanichRM.Sprint1.Task5.V5.Lib.csproj", "{D78BEE0B-E32C-4221-AC18-E23D8FC754AE}"
EndProject
Project("{2150E333-8FDC-42A3-9474-1A3956D46DE8}") = "Task7", "Task7", "{C780458F-FDC7-4D2C-A794-5FA7326DC59D}"
EndProject
Project("{FAE04EC0-301F-11D3-BF4B-00C04F79EFBC}") = "Tyuiu.KomanichRM.Sprint1.Task7.V2", "Tyuiu.KomanichRM.Sprint1.Task7.V2\Tyuiu.KomanichRM.Sprint1.Task7.V2.csproj", "{FD62D893-2D74-485D-9658-EB2C268E7C73}"
EndProject
Project("{FAE04EC0-301F-11D3-BF4B-00C04F79EFBC}") = "Tyuiu.KomanichRM.Sprint1.Task7.V2.Lib", "Tyuiu.KomanichRM.Sprint1.Task7.V2.Lib\Tyuiu.KomanichRM.Sprint1.Task7.V2.Lib.csproj", "{76141884-729F-4048-8034-F1F2CF24C841}"
EndProject
Project("{FAE04EC0-301F-11D3-BF4B-00C04F79EFBC}") = "Tyuiu.KomanichRM.Sprint1.Task7.V2.Test", "Tyuiu.KomanichRM.Sprint1.Task7.V2.Test\Tyuiu.KomanichRM.Sprint1.Task7.V2.Test.csproj", "{35F8FD0E-399B-43A7-ACB7-5510AD9F78E6}"
EndProject
Project("{2150E333-8FDC-42A3-9474-1A3956D46DE8}") = "Task6", "Task6", "{4A48C6B6-8EA0-4B82-B109-81644D6A66FE}"
EndProject
Project("{FAE04EC0-301F-11D3-BF4B-00C04F79EFBC}") = "Tyuiu.KomanichRM.Sprint1.Task6.V1", "Tyuiu.KomanichRM.Sprint1.Task6.V1\Tyuiu.KomanichRM.Sprint1.Task6.V1.csproj", "{438F5A84-3D3F-4145-94FC-F779AD333A23}"
EndProject
Project("{FAE04EC0-301F-11D3-BF4B-00C04F79EFBC}") = "Tyuiu.KomanichRM.Sprint1.Task6.V1.Lib", "Tyuiu.KomanichRM.Sprint1.Task6.V1.Lib\Tyuiu.KomanichRM.Sprint1.Task6.V1.Lib.csproj", "{7719015C-A538-43CF-A20A-133A00647199}"
EndProject
Project("{FAE04EC0-301F-11D3-BF4B-00C04F79EFBC}") = "Tyuiu.KomanichRM.Sprint1.Task6.V1.Test", "Tyuiu.KomanichRM.Sprint1.Task6.V1.Test\Tyuiu.KomanichRM.Sprint1.Task6.V1.Test.csproj", "{FE8292E2-5B57-406F-B3CA-0C2DE5601C6B}"
EndProject
Project("{FAE04EC0-301F-11D3-BF4B-00C04F79EFBC}") = "Tyuiu.KomanichRM.Sprint1.Task0.V6", "Tyuiu.KomanichRM.Sprint1.Task0.V6\Tyuiu.KomanichRM.Sprint1.Task0.V6.csproj", "{8576CD43-B6B5-4CBB-9230-81EAD19B50B0}"
EndProject
Project("{FAE04EC0-301F-11D3-BF4B-00C04F79EFBC}") = "Tyuiu.KomanichRM.Sprint1.Task0.V6.Lib", "Tyuiu.KomanichRM.Sprint1.Task0.V6.Lib\Tyuiu.KomanichRM.Sprint1.Task0.V6.Lib.csproj", "{A4855BB8-AB9E-4DC4-8AD5-C4927076A0DA}"
EndProject
Project("{FAE04EC0-301F-11D3-BF4B-00C04F79EFBC}") = "Tyuiu.KomanichRM.Sprint1.Task0.V6.Test", "Tyuiu.KomanichRM.Sprint1.Task0.V6.Test\Tyuiu.KomanichRM.Sprint1.Task0.V6.Test.csproj", "{C03E29D8-6FC3-4EB5-B7B9-26927D026554}"
EndProject
Global
	GlobalSection(SolutionConfigurationPlatforms) = preSolution
		Debug|Any CPU = Debug|Any CPU
		Release|Any CPU = Release|Any CPU
	EndGlobalSection
	GlobalSection(ProjectConfigurationPlatforms) = postSolution
		{F62A4CF0-C71F-4811-923D-3954AE386138}.Debug|Any CPU.ActiveCfg = Debug|Any CPU
		{F62A4CF0-C71F-4811-923D-3954AE386138}.Debug|Any CPU.Build.0 = Debug|Any CPU
		{F62A4CF0-C71F-4811-923D-3954AE386138}.Release|Any CPU.ActiveCfg = Release|Any CPU
		{F62A4CF0-C71F-4811-923D-3954AE386138}.Release|Any CPU.Build.0 = Release|Any CPU
		{6A35BF6C-C17B-4EE6-89D7-EA0F90E62702}.Debug|Any CPU.ActiveCfg = Debug|Any CPU
		{6A35BF6C-C17B-4EE6-89D7-EA0F90E62702}.Debug|Any CPU.Build.0 = Debug|Any CPU
		{6A35BF6C-C17B-4EE6-89D7-EA0F90E62702}.Release|Any CPU.ActiveCfg = Release|Any CPU
		{6A35BF6C-C17B-4EE6-89D7-EA0F90E62702}.Release|Any CPU.Build.0 = Release|Any CPU
		{D8994267-97AC-42D5-A1FE-D4477D42D288}.Debug|Any CPU.ActiveCfg = Debug|Any CPU
		{D8994267-97AC-42D5-A1FE-D4477D42D288}.Debug|Any CPU.Build.0 = Debug|Any CPU
		{D8994267-97AC-42D5-A1FE-D4477D42D288}.Release|Any CPU.ActiveCfg = Release|Any CPU
		{D8994267-97AC-42D5-A1FE-D4477D42D288}.Release|Any CPU.Build.0 = Release|Any CPU
		{B7478775-1A6D-42EA-9DA2-83A8B5B78768}.Debug|Any CPU.ActiveCfg = Debug|Any CPU
		{B7478775-1A6D-42EA-9DA2-83A8B5B78768}.Debug|Any CPU.Build.0 = Debug|Any CPU
		{B7478775-1A6D-42EA-9DA2-83A8B5B78768}.Release|Any CPU.ActiveCfg = Release|Any CPU
		{B7478775-1A6D-42EA-9DA2-83A8B5B78768}.Release|Any CPU.Build.0 = Release|Any CPU
		{0C01B3F3-F315-416D-B479-676EE9B4E3AE}.Debug|Any CPU.ActiveCfg = Debug|Any CPU
		{0C01B3F3-F315-416D-B479-676EE9B4E3AE}.Debug|Any CPU.Build.0 = Debug|Any CPU
		{0C01B3F3-F315-416D-B479-676EE9B4E3AE}.Release|Any CPU.ActiveCfg = Release|Any CPU
		{0C01B3F3-F315-416D-B479-676EE9B4E3AE}.Release|Any CPU.Build.0 = Release|Any CPU
		{94AA1C2C-DF53-4EE3-86AE-C12DF9650F95}.Debug|Any CPU.ActiveCfg = Debug|Any CPU
		{94AA1C2C-DF53-4EE3-86AE-C12DF9650F95}.Debug|Any CPU.Build.0 = Debug|Any CPU
		{94AA1C2C-DF53-4EE3-86AE-C12DF9650F95}.Release|Any CPU.ActiveCfg = Release|Any CPU
		{94AA1C2C-DF53-4EE3-86AE-C12DF9650F95}.Release|Any CPU.Build.0 = Release|Any CPU
		{A42B6172-175A-4874-B1AA-01BADB5FAD7F}.Debug|Any CPU.ActiveCfg = Debug|Any CPU
		{A42B6172-175A-4874-B1AA-01BADB5FAD7F}.Debug|Any CPU.Build.0 = Debug|Any CPU
		{A42B6172-175A-4874-B1AA-01BADB5FAD7F}.Release|Any CPU.ActiveCfg = Release|Any CPU
		{A42B6172-175A-4874-B1AA-01BADB5FAD7F}.Release|Any CPU.Build.0 = Release|Any CPU
		{F0048F2C-E734-4A7D-88D5-0373332B0E81}.Debug|Any CPU.ActiveCfg = Debug|Any CPU
		{F0048F2C-E734-4A7D-88D5-0373332B0E81}.Debug|Any CPU.Build.0 = Debug|Any CPU
		{F0048F2C-E734-4A7D-88D5-0373332B0E81}.Release|Any CPU.ActiveCfg = Release|Any CPU
		{F0048F2C-E734-4A7D-88D5-0373332B0E81}.Release|Any CPU.Build.0 = Release|Any CPU
		{7F670EC1-F95D-4057-A9EA-0F61A0957876}.Debug|Any CPU.ActiveCfg = Debug|Any CPU
		{7F670EC1-F95D-4057-A9EA-0F61A0957876}.Debug|Any CPU.Build.0 = Debug|Any CPU
		{7F670EC1-F95D-4057-A9EA-0F61A0957876}.Release|Any CPU.ActiveCfg = Release|Any CPU
		{7F670EC1-F95D-4057-A9EA-0F61A0957876}.Release|Any CPU.Build.0 = Release|Any CPU
		{12200F04-028D-4B91-BF2D-146176EFAC22}.Debug|Any CPU.ActiveCfg = Debug|Any CPU
		{12200F04-028D-4B91-BF2D-146176EFAC22}.Debug|Any CPU.Build.0 = Debug|Any CPU
		{12200F04-028D-4B91-BF2D-146176EFAC22}.Release|Any CPU.ActiveCfg = Release|Any CPU
		{12200F04-028D-4B91-BF2D-146176EFAC22}.Release|Any CPU.Build.0 = Release|Any CPU
		{0A5AA535-2DA1-495A-B6C5-C02DB1F51911}.Debug|Any CPU.ActiveCfg = Debug|Any CPU
		{0A5AA535-2DA1-495A-B6C5-C02DB1F51911}.Debug|Any CPU.Build.0 = Debug|Any CPU
		{0A5AA535-2DA1-495A-B6C5-C02DB1F51911}.Release|Any CPU.ActiveCfg = Release|Any CPU
		{0A5AA535-2DA1-495A-B6C5-C02DB1F51911}.Release|Any CPU.Build.0 = Release|Any CPU
		{A8157680-0BF7-4C4F-B2BA-0A978BA165E3}.Debug|Any CPU.ActiveCfg = Debug|Any CPU
		{A8157680-0BF7-4C4F-B2BA-0A978BA165E3}.Debug|Any CPU.Build.0 = Debug|Any CPU
		{A8157680-0BF7-4C4F-B2BA-0A978BA165E3}.Release|Any CPU.ActiveCfg = Release|Any CPU
		{A8157680-0BF7-4C4F-B2BA-0A978BA165E3}.Release|Any CPU.Build.0 = Release|Any CPU
		{22C856EB-EEBB-4CAF-BB63-F38CA36C4179}.Debug|Any CPU.ActiveCfg = Debug|Any CPU
		{22C856EB-EEBB-4CAF-BB63-F38CA36C4179}.Debug|Any CPU.Build.0 = Debug|Any CPU
		{22C856EB-EEBB-4CAF-BB63-F38CA36C4179}.Release|Any CPU.ActiveCfg = Release|Any CPU
		{22C856EB-EEBB-4CAF-BB63-F38CA36C4179}.Release|Any CPU.Build.0 = Release|Any CPU
		{B7DD31BA-C37B-4582-BB30-AF50BFAC9128}.Debug|Any CPU.ActiveCfg = Debug|Any CPU
		{B7DD31BA-C37B-4582-BB30-AF50BFAC9128}.Debug|Any CPU.Build.0 = Debug|Any CPU
		{B7DD31BA-C37B-4582-BB30-AF50BFAC9128}.Release|Any CPU.ActiveCfg = Release|Any CPU
		{B7DD31BA-C37B-4582-BB30-AF50BFAC9128}.Release|Any CPU.Build.0 = Release|Any CPU
		{D78BEE0B-E32C-4221-AC18-E23D8FC754AE}.Debug|Any CPU.ActiveCfg = Debug|Any CPU
		{D78BEE0B-E32C-4221-AC18-E23D8FC754AE}.Debug|Any CPU.Build.0 = Debug|Any CPU
		{D78BEE0B-E32C-4221-AC18-E23D8FC754AE}.Release|Any CPU.ActiveCfg = Release|Any CPU
		{D78BEE0B-E32C-4221-AC18-E23D8FC754AE}.Release|Any CPU.Build.0 = Release|Any CPU
		{FD62D893-2D74-485D-9658-EB2C268E7C73}.Debug|Any CPU.ActiveCfg = Debug|Any CPU
		{FD62D893-2D74-485D-9658-EB2C268E7C73}.Debug|Any CPU.Build.0 = Debug|Any CPU
		{FD62D893-2D74-485D-9658-EB2C268E7C73}.Release|Any CPU.ActiveCfg = Release|Any CPU
		{FD62D893-2D74-485D-9658-EB2C268E7C73}.Release|Any CPU.Build.0 = Release|Any CPU
		{76141884-729F-4048-8034-F1F2CF24C841}.Debug|Any CPU.ActiveCfg = Debug|Any CPU
		{76141884-729F-4048-8034-F1F2CF24C841}.Debug|Any CPU.Build.0 = Debug|Any CPU
		{76141884-729F-4048-8034-F1F2CF24C841}.Release|Any CPU.ActiveCfg = Release|Any CPU
		{76141884-729F-4048-8034-F1F2CF24C841}.Release|Any CPU.Build.0 = Release|Any CPU
		{35F8FD0E-399B-43A7-ACB7-5510AD9F78E6}.Debug|Any CPU.ActiveCfg = Debug|Any CPU
		{35F8FD0E-399B-43A7-ACB7-5510AD9F78E6}.Debug|Any CPU.Build.0 = Debug|Any CPU
		{35F8FD0E-399B-43A7-ACB7-5510AD9F78E6}.Release|Any CPU.ActiveCfg = Release|Any CPU
		{35F8FD0E-399B-43A7-ACB7-5510AD9F78E6}.Release|Any CPU.Build.0 = Release|Any CPU
		{438F5A84-3D3F-4145-94FC-F779AD333A23}.Debug|Any CPU.ActiveCfg = Debug|Any CPU
		{438F5A84-3D3F-4145-94FC-F779AD333A23}.Debug|Any CPU.Build.0 = Debug|Any CPU
		{438F5A84-3D3F-4145-94FC-F779AD333A23}.Release|Any CPU.ActiveCfg = Release|Any CPU
		{438F5A84-3D3F-4145-94FC-F779AD333A23}.Release|Any CPU.Build.0 = Release|Any CPU
		{7719015C-A538-43CF-A20A-133A00647199}.Debug|Any CPU.ActiveCfg = Debug|Any CPU
		{7719015C-A538-43CF-A20A-133A00647199}.Debug|Any CPU.Build.0 = Debug|Any CPU
		{7719015C-A538-43CF-A20A-133A00647199}.Release|Any CPU.ActiveCfg = Release|Any CPU
		{7719015C-A538-43CF-A20A-133A00647199}.Release|Any CPU.Build.0 = Release|Any CPU
		{FE8292E2-5B57-406F-B3CA-0C2DE5601C6B}.Debug|Any CPU.ActiveCfg = Debug|Any CPU
		{FE8292E2-5B57-406F-B3CA-0C2DE5601C6B}.Debug|Any CPU.Build.0 = Debug|Any CPU
		{FE8292E2-5B57-406F-B3CA-0C2DE5601C6B}.Release|Any CPU.ActiveCfg = Release|Any CPU
		{FE8292E2-5B57-406F-B3CA-0C2DE5601C6B}.Release|Any CPU.Build.0 = Release|Any CPU
		{8576CD43-B6B5-4CBB-9230-81EAD19B50B0}.Debug|Any CPU.ActiveCfg = Debug|Any CPU
		{8576CD43-B6B5-4CBB-9230-81EAD19B50B0}.Debug|Any CPU.Build.0 = Debug|Any CPU
		{8576CD43-B6B5-4CBB-9230-81EAD19B50B0}.Release|Any CPU.ActiveCfg = Release|Any CPU
		{8576CD43-B6B5-4CBB-9230-81EAD19B50B0}.Release|Any CPU.Build.0 = Release|Any CPU
		{A4855BB8-AB9E-4DC4-8AD5-C4927076A0DA}.Debug|Any CPU.ActiveCfg = Debug|Any CPU
		{A4855BB8-AB9E-4DC4-8AD5-C4927076A0DA}.Debug|Any CPU.Build.0 = Debug|Any CPU
		{A4855BB8-AB9E-4DC4-8AD5-C4927076A0DA}.Release|Any CPU.ActiveCfg = Release|Any CPU
		{A4855BB8-AB9E-4DC4-8AD5-C4927076A0DA}.Release|Any CPU.Build.0 = Release|Any CPU
		{C03E29D8-6FC3-4EB5-B7B9-26927D026554}.Debug|Any CPU.ActiveCfg = Debug|Any CPU
		{C03E29D8-6FC3-4EB5-B7B9-26927D026554}.Debug|Any CPU.Build.0 = Debug|Any CPU
		{C03E29D8-6FC3-4EB5-B7B9-26927D026554}.Release|Any CPU.ActiveCfg = Release|Any CPU
		{C03E29D8-6FC3-4EB5-B7B9-26927D026554}.Release|Any CPU.Build.0 = Release|Any CPU
	EndGlobalSection
	GlobalSection(SolutionProperties) = preSolution
		HideSolutionNode = FALSE
	EndGlobalSection
	GlobalSection(NestedProjects) = preSolution
		{F62A4CF0-C71F-4811-923D-3954AE386138} = {36F21212-B6DD-44EE-8E0F-099D6018BA3A}
		{6A35BF6C-C17B-4EE6-89D7-EA0F90E62702} = {36F21212-B6DD-44EE-8E0F-099D6018BA3A}
		{D8994267-97AC-42D5-A1FE-D4477D42D288} = {36F21212-B6DD-44EE-8E0F-099D6018BA3A}
		{B7478775-1A6D-42EA-9DA2-83A8B5B78768} = {EE27040C-5CEF-4355-9A41-E8441B38F26A}
		{0C01B3F3-F315-416D-B479-676EE9B4E3AE} = {EE27040C-5CEF-4355-9A41-E8441B38F26A}
		{94AA1C2C-DF53-4EE3-86AE-C12DF9650F95} = {EE27040C-5CEF-4355-9A41-E8441B38F26A}
		{A42B6172-175A-4874-B1AA-01BADB5FAD7F} = {6C8A8C90-47AE-4A8D-A5B8-3FAB5CAF24EF}
		{F0048F2C-E734-4A7D-88D5-0373332B0E81} = {6C8A8C90-47AE-4A8D-A5B8-3FAB5CAF24EF}
		{7F670EC1-F95D-4057-A9EA-0F61A0957876} = {6C8A8C90-47AE-4A8D-A5B8-3FAB5CAF24EF}
		{12200F04-028D-4B91-BF2D-146176EFAC22} = {E6681A53-0E59-48D9-9C5E-27E2CED595F2}
		{0A5AA535-2DA1-495A-B6C5-C02DB1F51911} = {E6681A53-0E59-48D9-9C5E-27E2CED595F2}
		{A8157680-0BF7-4C4F-B2BA-0A978BA165E3} = {E6681A53-0E59-48D9-9C5E-27E2CED595F2}
		{22C856EB-EEBB-4CAF-BB63-F38CA36C4179} = {E5CA0B11-1FD4-4612-86BF-A278E0E0A8A9}
		{B7DD31BA-C37B-4582-BB30-AF50BFAC9128} = {E5CA0B11-1FD4-4612-86BF-A278E0E0A8A9}
		{D78BEE0B-E32C-4221-AC18-E23D8FC754AE} = {E5CA0B11-1FD4-4612-86BF-A278E0E0A8A9}
		{FD62D893-2D74-485D-9658-EB2C268E7C73} = {C780458F-FDC7-4D2C-A794-5FA7326DC59D}
		{76141884-729F-4048-8034-F1F2CF24C841} = {C780458F-FDC7-4D2C-A794-5FA7326DC59D}
		{35F8FD0E-399B-43A7-ACB7-5510AD9F78E6} = {C780458F-FDC7-4D2C-A794-5FA7326DC59D}
		{438F5A84-3D3F-4145-94FC-F779AD333A23} = {4A48C6B6-8EA0-4B82-B109-81644D6A66FE}
		{7719015C-A538-43CF-A20A-133A00647199} = {4A48C6B6-8EA0-4B82-B109-81644D6A66FE}
		{FE8292E2-5B57-406F-B3CA-0C2DE5601C6B} = {4A48C6B6-8EA0-4B82-B109-81644D6A66FE}
		{8576CD43-B6B5-4CBB-9230-81EAD19B50B0} = {DB20E5A3-E9AB-4DCC-AE46-F71B7D162D57}
		{A4855BB8-AB9E-4DC4-8AD5-C4927076A0DA} = {DB20E5A3-E9AB-4DCC-AE46-F71B7D162D57}
		{C03E29D8-6FC3-4EB5-B7B9-26927D026554} = {DB20E5A3-E9AB-4DCC-AE46-F71B7D162D57}
	EndGlobalSection
	GlobalSection(ExtensibilityGlobals) = postSolution
		SolutionGuid = {CFFEEF0F-D68D-45C7-9FF8-64D470CAD43B}
	EndGlobalSection
EndGlobal
